<?xml version="1.0" encoding="utf-8"?>
<Project ToolsVersion="4.0" xmlns="http://schemas.microsoft.com/developer/msbuild/2003">
  <ItemGroup>
    <Filter Include="Source Files">
      <UniqueIdentifier>{4FC737F1-C7A5-4376-A066-2A32D752A2FF}</UniqueIdentifier>
      <Extensions>cpp;c;cc;cxx;c++;cppm;ixx;def;odl;idl;hpj;bat;asm;asmx</Extensions>
    </Filter>
    <Filter Include="Header Files">
      <UniqueIdentifier>{93995380-89BD-4b04-88EB-625FBE52EBFB}</UniqueIdentifier>
      <Extensions>h;hh;hpp;hxx;h++;hm;inl;inc;ipp;xsd</Extensions>
    </Filter>
    <Filter Include="Resource Files">
      <UniqueIdentifier>{67DA6AB6-F800-4c08-8B7A-83BB121AAD01}</UniqueIdentifier>
      <Extensions>rc;ico;cur;bmp;dlg;rc2;rct;bin;rgs;gif;jpg;jpeg;jpe;resx;tiff;tif;png;wav;mfcribbon-ms</Extensions>
    </Filter>
    <Filter Include="Resource Files\Shaders">
      <UniqueIdentifier>{847da5a9-70fc-4a8b-8904-7ea58830e68c}</UniqueIdentifier>
    </Filter>
    <Filter Include="Resource Files\Textures">
      <UniqueIdentifier>{9e3c561b-38dc-4c86-be5b-d423a827da26}</UniqueIdentifier>
    </Filter>
    <Filter Include="2d engine">
      <UniqueIdentifier>{aa0d1838-26ac-4ce2-9ae2-1000212a99bc}</UniqueIdentifier>
    </Filter>
    <Filter Include="archive">
      <UniqueIdentifier>{26d62235-a8ec-4a7f-99a8-811d15688ede}</UniqueIdentifier>
    </Filter>
    <Filter Include="IMGUI">
      <UniqueIdentifier>{fb5e3b7f-71b2-4c00-b43a-10b14e26fefa}</UniqueIdentifier>
    </Filter>
    <Filter Include="Source Files\physics">
      <UniqueIdentifier>{c974f2e1-6486-48c3-bafd-ffde29edaa71}</UniqueIdentifier>
    </Filter>
    <Filter Include="Source Files\opengl">
      <UniqueIdentifier>{e32d7d97-95af-4534-af62-6a102cf8c2b7}</UniqueIdentifier>
    </Filter>
    <Filter Include="Source Files\bodies">
      <UniqueIdentifier>{1a582957-8cdd-4fb8-978e-f3323ac3a2fb}</UniqueIdentifier>
    </Filter>
    <Filter Include="Source Files\visuals">
      <UniqueIdentifier>{397404ca-d7d0-4442-a91f-8d6d173847ef}</UniqueIdentifier>
    </Filter>
    <Filter Include="Header Files\physics">
      <UniqueIdentifier>{a8ab6adb-4501-4861-a7f7-9ed6fc72be60}</UniqueIdentifier>
    </Filter>
    <Filter Include="Header Files\opengl">
      <UniqueIdentifier>{e79ae183-c611-4b39-9a0f-88e4480589f7}</UniqueIdentifier>
    </Filter>
    <Filter Include="Header Files\visuals">
      <UniqueIdentifier>{8455db0d-2838-4266-9932-df84f9ddcabe}</UniqueIdentifier>
    </Filter>
    <Filter Include="Header Files\bodies">
      <UniqueIdentifier>{4fb70ebf-8ecc-459f-ae4c-0bc37f4dbdbf}</UniqueIdentifier>
    </Filter>
    <Filter Include="Header Files\UI">
      <UniqueIdentifier>{a604dea6-847a-4292-852b-f082df4b6e00}</UniqueIdentifier>
    </Filter>
    <Filter Include="Source Files\UI">
      <UniqueIdentifier>{f275a0a9-ebcc-494f-82a3-0cd2f1e42891}</UniqueIdentifier>
    </Filter>
    <Filter Include="Header Files\Simulation">
      <UniqueIdentifier>{f6841c1a-f15b-45e8-b0ea-389cbfbf3f93}</UniqueIdentifier>
    </Filter>
    <Filter Include="Source Files\Simulation">
      <UniqueIdentifier>{9572feb5-aa3a-4c41-805c-a0895dc9661f}</UniqueIdentifier>
    </Filter>
  </ItemGroup>
  <ItemGroup>
    <ClCompile Include="main.cpp">
      <Filter>Source Files</Filter>
    </ClCompile>
    <ClCompile Include="Circle.cpp">
      <Filter>2d engine</Filter>
    </ClCompile>
    <ClCompile Include="Model.cpp">
      <Filter>archive</Filter>
    </ClCompile>
    <ClCompile Include="IMGUI\imgui.cpp">
      <Filter>IMGUI</Filter>
    </ClCompile>
    <ClCompile Include="IMGUI\imgui_demo.cpp">
      <Filter>IMGUI</Filter>
    </ClCompile>
    <ClCompile Include="IMGUI\imgui_draw.cpp">
      <Filter>IMGUI</Filter>
    </ClCompile>
    <ClCompile Include="IMGUI\imgui_tables.cpp">
      <Filter>IMGUI</Filter>
    </ClCompile>
    <ClCompile Include="IMGUI\imgui_widgets.cpp">
      <Filter>IMGUI</Filter>
    </ClCompile>
    <ClCompile Include="IMGUI\backends\imgui_impl_glfw.cpp">
      <Filter>IMGUI</Filter>
    </ClCompile>
    <ClCompile Include="IMGUI\backends\imgui_impl_opengl3.cpp">
      <Filter>IMGUI</Filter>
    </ClCompile>
    <ClCompile Include="CollisonSystem.cpp">
      <Filter>Source Files\physics</Filter>
    </ClCompile>
    <ClCompile Include="Collider.cpp">
      <Filter>Source Files\physics</Filter>
    </ClCompile>
    <ClCompile Include="GravitySolver.cpp">
      <Filter>Source Files\physics</Filter>
    </ClCompile>
    <ClCompile Include="PhysicsWorld.cpp">
      <Filter>Source Files\physics</Filter>
    </ClCompile>
    <ClCompile Include="VBO.cpp">
      <Filter>Source Files\opengl</Filter>
    </ClCompile>
    <ClCompile Include="VAO.cpp">
      <Filter>Source Files\opengl</Filter>
    </ClCompile>
    <ClCompile Include="stb.cpp">
      <Filter>Source Files\opengl</Filter>
    </ClCompile>
    <ClCompile Include="ShaderClass.cpp">
      <Filter>Source Files\opengl</Filter>
    </ClCompile>
    <ClCompile Include="EBO.cpp">
      <Filter>Source Files\opengl</Filter>
    </ClCompile>
    <ClCompile Include="Camera.cpp">
      <Filter>Source Files\opengl</Filter>
    </ClCompile>
    <ClCompile Include="CelestialBody.cpp">
      <Filter>Source Files\bodies</Filter>
    </ClCompile>
    <ClCompile Include="mesh.cpp">
      <Filter>Source Files\bodies</Filter>
    </ClCompile>
    <ClCompile Include="PrimitiveMeshFactory.cpp">
      <Filter>Source Files\bodies</Filter>
    </ClCompile>
    <ClCompile Include="Renderable.cpp">
      <Filter>Source Files\bodies</Filter>
    </ClCompile>
    <ClCompile Include="Transform.cpp">
      <Filter>Source Files\opengl</Filter>
    </ClCompile>
    <ClCompile Include="Material.cpp">
      <Filter>Source Files\visuals</Filter>
    </ClCompile>
    <ClCompile Include="Texture.cpp">
      <Filter>Source Files\visuals</Filter>
    </ClCompile>
    <ClCompile Include="TrialRenderer.cpp">
      <Filter>Source Files\visuals</Filter>
    </ClCompile>
    <ClCompile Include="RigidBody.cpp">
      <Filter>Source Files\physics</Filter>
    </ClCompile>
    <ClCompile Include="SandBoxUI.cpp">
      <Filter>Source Files\UI</Filter>
    </ClCompile>
    <ClCompile Include="SimulationSettings.cpp">
      <Filter>Source Files\Simulation</Filter>
    </ClCompile>
    <ClCompile Include="Universe.cpp">
      <Filter>Source Files\physics</Filter>
    </ClCompile>
    <ClCompile Include="SolarSystemFactory.cpp">
      <Filter>Source Files\bodies</Filter>
    </ClCompile>
    <ClCompile Include="PlanetSpawner.cpp">
      <Filter>Source Files\bodies</Filter>
    </ClCompile>
  </ItemGroup>
  <ItemGroup>
    <None Include="default.vert">
      <Filter>Resource Files\Shaders</Filter>
    </None>
    <None Include="default.frag">
      <Filter>Resource Files\Shaders</Filter>
    </None>
    <None Include="light.frag">
      <Filter>Resource Files\Shaders</Filter>
    </None>
    <None Include="light.vert">
      <Filter>Resource Files\Shaders</Filter>
    </None>
    <None Include="trail.vert">
      <Filter>Resource Files\Shaders</Filter>
    </None>
    <None Include="trail.frag">
      <Filter>Resource Files\Shaders</Filter>
    </None>
  </ItemGroup>
  <ItemGroup>
    <ClInclude Include="Circle.h">
      <Filter>2d engine</Filter>
    </ClInclude>
    <ClInclude Include="Model.h">
      <Filter>archive</Filter>
    </ClInclude>
    <ClInclude Include="IMGUI\imconfig.h">
      <Filter>IMGUI</Filter>
    </ClInclude>
    <ClInclude Include="IMGUI\imgui.h">
      <Filter>IMGUI</Filter>
    </ClInclude>
    <ClInclude Include="IMGUI\imgui_internal.h">
      <Filter>IMGUI</Filter>
    </ClInclude>
    <ClInclude Include="IMGUI\imstb_rectpack.h">
      <Filter>IMGUI</Filter>
    </ClInclude>
    <ClInclude Include="IMGUI\imstb_textedit.h">
      <Filter>IMGUI</Filter>
    </ClInclude>
    <ClInclude Include="IMGUI\imstb_truetype.h">
      <Filter>IMGUI</Filter>
    </ClInclude>
    <ClInclude Include="IMGUI\backends\imgui_impl_glfw.h">
      <Filter>IMGUI</Filter>
    </ClInclude>
    <ClInclude Include="IMGUI\backends\imgui_impl_opengl3.h">
      <Filter>IMGUI</Filter>
    </ClInclude>
    <ClInclude Include="IMGUI\backends\imgui_impl_opengl3_loader.h">
      <Filter>IMGUI</Filter>
    </ClInclude>
    <ClInclude Include="Collider.h">
      <Filter>Header Files\physics</Filter>
    </ClInclude>
    <ClInclude Include="CollisonSystem.h">
      <Filter>Header Files\physics</Filter>
    </ClInclude>
    <ClInclude Include="Constants.h">
      <Filter>Header Files\physics</Filter>
    </ClInclude>
    <ClInclude Include="PhysicsWorld.h">
      <Filter>Header Files\physics</Filter>
    </ClInclude>
    <ClInclude Include="RigidBody.h">
      <Filter>Header Files\physics</Filter>
    </ClInclude>
    <ClInclude Include="EBO.h">
      <Filter>Header Files\opengl</Filter>
    </ClInclude>
    <ClInclude Include="Camera.h">
      <Filter>Header Files\opengl</Filter>
    </ClInclude>
    <ClInclude Include="VAO.h">
      <Filter>Header Files\opengl</Filter>
    </ClInclude>
    <ClInclude Include="VBO.h">
      <Filter>Header Files\opengl</Filter>
    </ClInclude>
    <ClInclude Include="ShaderClass.h">
      <Filter>Header Files\opengl</Filter>
    </ClInclude>
    <ClInclude Include="GravitySolver.h">
      <Filter>Header Files\physics</Filter>
    </ClInclude>
    <ClInclude Include="Transform.h">
      <Filter>Header Files\opengl</Filter>
    </ClInclude>
    <ClInclude Include="Material.h">
      <Filter>Header Files\visuals</Filter>
    </ClInclude>
    <ClInclude Include="TrailRenderer.h">
      <Filter>Header Files\visuals</Filter>
    </ClInclude>
    <ClInclude Include="Texture.h">
      <Filter>Header Files\visuals</Filter>
    </ClInclude>
    <ClInclude Include="CelestialBody.h">
      <Filter>Header Files\bodies</Filter>
    </ClInclude>
    <ClInclude Include="mesh.h">
      <Filter>Header Files\bodies</Filter>
    </ClInclude>
    <ClInclude Include="PrimitiveMeshFactory.h">
      <Filter>Header Files\bodies</Filter>
    </ClInclude>
    <ClInclude Include="Renderable.h">
      <Filter>Header Files\bodies</Filter>
    </ClInclude>
    <ClInclude Include="SandBoxUI.h">
      <Filter>Header Files\UI</Filter>
    </ClInclude>
    <ClInclude Include="SimulationState.h">
      <Filter>Header Files\Simulation</Filter>
    </ClInclude>
    <ClInclude Include="SimulationSettings.h">
      <Filter>Header Files\Simulation</Filter>
    </ClInclude>
    <ClInclude Include="Universe.h">
      <Filter>Header Files\physics</Filter>
    </ClInclude>
    <ClInclude Include="SolarSystemFactory.h">
      <Filter>Header Files\bodies</Filter>
    </ClInclude>
    <ClInclude Include="PlanetSpawer.h">
      <Filter>Header Files\bodies</Filter>
    </ClInclude>
  </ItemGroup>
  <ItemGroup>
    <Image Include="gojo.png">
      <Filter>Resource Files\Textures</Filter>
    </Image>
    <Image Include="earth.jpg">
      <Filter>Resource Files\Textures</Filter>
    </Image>
    <Image Include="jupiter.jpg">
      <Filter>Resource Files\Textures</Filter>
    </Image>
    <Image Include="mars.jpg">
      <Filter>Resource Files\Textures</Filter>
    </Image>
    <Image Include="mercury.jpg">
      <Filter>Resource Files\Textures</Filter>
    </Image>
    <Image Include="neptune.jpg">
      <Filter>Resource Files\Textures</Filter>
    </Image>
    <Image Include="saturn.jpg">
      <Filter>Resource Files\Textures</Filter>
    </Image>
    <Image Include="sun.jpg">
      <Filter>Resource Files\Textures</Filter>
    </Image>
    <Image Include="uranus.jpg">
      <Filter>Resource Files\Textures</Filter>
    </Image>
    <Image Include="venus.jpg">
      <Filter>Resource Files\Textures</Filter>
    </Image>
  </ItemGroup>
</Project>